
Microsoft Visual Studio Solution File, Format Version 12.00
# Visual Studio Version 17
VisualStudioVersion = 17.10.35013.160
MinimumVisualStudioVersion = 10.0.40219.1
Project("{FAE04EC0-301F-11D3-BF4B-00C04F79EFBC}") = "NetCoreLab07", "NetCoreLab07\NetCoreLab07.csproj", "{5AF08D1D-D407-4B6C-99D0-1640B92075FB}"
EndProject
Global
	GlobalSection(SolutionConfigurationPlatforms) = preSolution
		Debug|Any CPU = Debug|Any CPU
		Release|Any CPU = Release|Any CPU
	EndGlobalSection
	GlobalSection(ProjectConfigurationPlatforms) = postSolution
		{5AF08D1D-D407-4B6C-99D0-1640B92075FB}.Debug|Any CPU.ActiveCfg = Debug|Any CPU
		{5AF08D1D-D407-4B6C-99D0-1640B92075FB}.Debug|Any CPU.Build.0 = Debug|Any CPU
		{5AF08D1D-D407-4B6C-99D0-1640B92075FB}.Release|Any CPU.ActiveCfg = Release|Any CPU
		{5AF08D1D-D407-4B6C-99D0-1640B92075FB}.Release|Any CPU.Build.0 = Release|Any CPU
	EndGlobalSection
	GlobalSection(SolutionProperties) = preSolution
		HideSolutionNode = FALSE
	EndGlobalSection
	GlobalSection(ExtensibilityGlobals) = postSolution
		SolutionGuid = {368275FF-2AA9-4013-A35C-80BEC65700D9}
	EndGlobalSection
EndGlobal
